<?xml version="1.0" encoding="utf-8"?>
<Project ToolsVersion="4.0" xmlns="http://schemas.microsoft.com/developer/msbuild/2003">
  <ItemGroup>
    <Filter Include="源文件">
      <UniqueIdentifier>{4FC737F1-C7A5-4376-A066-2A32D752A2FF}</UniqueIdentifier>
      <Extensions>cpp;c;cc;cxx;def;odl;idl;hpj;bat;asm;asmx</Extensions>
    </Filter>
    <Filter Include="头文件">
      <UniqueIdentifier>{93995380-89BD-4b04-88EB-625FBE52EBFB}</UniqueIdentifier>
      <Extensions>h;hpp;hxx;hm;inl;inc;xsd</Extensions>
    </Filter>
    <Filter Include="资源文件">
      <UniqueIdentifier>{67DA6AB6-F800-4c08-8B7A-83BB121AAD01}</UniqueIdentifier>
      <Extensions>rc;ico;cur;bmp;dlg;rc2;rct;bin;rgs;gif;jpg;jpeg;jpe;resx;tiff;tif;png;wav;mfcribbon-ms</Extensions>
    </Filter>
  </ItemGroup>
  <ItemGroup>
    <None Include="ReadMe.txt" />
  </ItemGroup>
  <ItemGroup>
    <ClCompile Include="..\snacc-1.3-src\c-lib\Cebuf\asn-any.c">
      <Filter>源文件</Filter>
    </ClCompile>
    <ClCompile Include="..\snacc-1.3-src\c-lib\Cebuf\asn-bits.c">
      <Filter>源文件</Filter>
    </ClCompile>
    <ClCompile Include="..\snacc-1.3-src\c-lib\Cebuf\asn-bool.c">
      <Filter>源文件</Filter>
    </ClCompile>
    <ClCompile Include="..\snacc-1.3-src\c-lib\Cebuf\asn-enum.c">
      <Filter>源文件</Filter>
    </ClCompile>
    <ClCompile Include="..\snacc-1.3-src\c-lib\Cebuf\asn-int.c">
      <Filter>源文件</Filter>
    </ClCompile>
    <ClCompile Include="..\snacc-1.3-src\c-lib\Cebuf\asn-len.c">
      <Filter>源文件</Filter>
    </ClCompile>
    <ClCompile Include="..\snacc-1.3-src\c-lib\Cebuf\asn-list.c">
      <Filter>源文件</Filter>
    </ClCompile>
    <ClCompile Include="..\snacc-1.3-src\c-lib\Cebuf\asn-null.c">
      <Filter>源文件</Filter>
    </ClCompile>
    <ClCompile Include="..\snacc-1.3-src\c-lib\Cebuf\asn-octs.c">
      <Filter>源文件</Filter>
    </ClCompile>
    <ClCompile Include="..\snacc-1.3-src\c-lib\Cebuf\asn-oid.c">
      <Filter>源文件</Filter>
    </ClCompile>
    <ClCompile Include="..\snacc-1.3-src\c-lib\Cebuf\asn-real.c">
      <Filter>源文件</Filter>
    </ClCompile>
    <ClCompile Include="..\snacc-1.3-src\c-lib\Cebuf\asn-tag.c">
      <Filter>源文件</Filter>
    </ClCompile>
    <ClCompile Include="..\snacc-1.3-src\c-lib\Cebuf\asn-useful.c">
      <Filter>源文件</Filter>
    </ClCompile>
    <ClCompile Include="..\snacc-1.3-src\c-lib\Cebuf\exp-buf.c">
      <Filter>源文件</Filter>
    </ClCompile>
    <ClCompile Include="..\snacc-1.3-src\c-lib\Cebuf\hash.c">
      <Filter>源文件</Filter>
    </ClCompile>
    <ClCompile Include="..\snacc-1.3-src\c-lib\Cebuf\nibble-alloc.c">
      <Filter>源文件</Filter>
    </ClCompile>
    <ClCompile Include="..\snacc-1.3-src\c-lib\Cebuf\print.c">
      <Filter>源文件</Filter>
    </ClCompile>
    <ClCompile Include="..\snacc-1.3-src\c-lib\Cebuf\sbuf.c">
      <Filter>源文件</Filter>
    </ClCompile>
    <ClCompile Include="..\snacc-1.3-src\c-lib\Cebuf\str-stk.c">
      <Filter>源文件</Filter>
    </ClCompile>
    <ClCompile Include="..\snacc-1.3-src\c-lib\Cebuf\tbl.c">
      <Filter>源文件</Filter>
    </ClCompile>
    <ClCompile Include="..\snacc-1.3-src\c-lib\Cebuf\tbl-dbg.c">
      <Filter>源文件</Filter>
    </ClCompile>
    <ClCompile Include="..\snacc-1.3-src\c-lib\Cebuf\tbl-dec.c">
      <Filter>源文件</Filter>
    </ClCompile>
    <ClCompile Include="..\snacc-1.3-src\c-lib\Cebuf\tbl-enc.c">
      <Filter>源文件</Filter>
    </ClCompile>
    <ClCompile Include="..\snacc-1.3-src\c-lib\Cebuf\tbl-free.c">
      <Filter>源文件</Filter>
    </ClCompile>
    <ClCompile Include="..\snacc-1.3-src\c-lib\Cebuf\tbl-gen.c">
      <Filter>源文件</Filter>
    </ClCompile>
    <ClCompile Include="..\snacc-1.3-src\c-lib\Cebuf\tbl-print.c">
      <Filter>源文件</Filter>
    </ClCompile>
    <ClCompile Include="..\snacc-1.3-src\c-lib\Cebuf\tbl-util.c">
      <Filter>源文件</Filter>
    </ClCompile>
  </ItemGroup>
</Project>